
Microsoft Visual Studio Solution File, Format Version 12.00
# Visual Studio Version 16
VisualStudioVersion = 16.0.34031.81
MinimumVisualStudioVersion = 10.0.40219.1
Project("{FAE04EC0-301F-11D3-BF4B-00C04F79EFBC}") = "Lab1Prob6", "Lab1Prob6\Lab1Prob6.csproj", "{2DC9F9CD-71EA-4DBF-B571-35001E79422A}"
EndProject
Global
	GlobalSection(SolutionConfigurationPlatforms) = preSolution
		Debug|Any CPU = Debug|Any CPU
		Release|Any CPU = Release|Any CPU
	EndGlobalSection
	GlobalSection(ProjectConfigurationPlatforms) = postSolution
		{2DC9F9CD-71EA-4DBF-B571-35001E79422A}.Debug|Any CPU.ActiveCfg = Debug|Any CPU
		{2DC9F9CD-71EA-4DBF-B571-35001E79422A}.Debug|Any CPU.Build.0 = Debug|Any CPU
		{2DC9F9CD-71EA-4DBF-B571-35001E79422A}.Release|Any CPU.ActiveCfg = Release|Any CPU
		{2DC9F9CD-71EA-4DBF-B571-35001E79422A}.Release|Any CPU.Build.0 = Release|Any CPU
	EndGlobalSection
	GlobalSection(SolutionProperties) = preSolution
		HideSolutionNode = FALSE
	EndGlobalSection
	GlobalSection(ExtensibilityGlobals) = postSolution
		SolutionGuid = {5A9A16EF-C906-4A7B-B548-EDBB62CC6CFB}
	EndGlobalSection
EndGlobal
